
Microsoft Visual Studio Solution File, Format Version 12.00
# Visual Studio 15
VisualStudioVersion = 15.0.27703.2042
MinimumVisualStudioVersion = 10.0.40219.1
Project("{2150E333-8FDC-42A3-9474-1A3956D46DE8}") = ".root", ".root", "{29B0BDB4-388D-469E-B1AE-104997287314}"
	ProjectSection(SolutionItems) = preProject
		.gitattributes = .gitattributes
		.gitignore = .gitignore
		General.props = General.props
		GlobalAssemblyInfo.cs = GlobalAssemblyInfo.cs
		LICENSE.txt = LICENSE.txt
		README.md = README.md
		Set-Version.ps1 = Set-Version.ps1
	EndProjectSection
EndProject
Project("{9A19103F-16F7-4668-BE54-9A1E7A4F7556}") = "Sharp.Disposable", "Sharp.Disposable\Sharp.Disposable.csproj", "{53D21B25-CB58-4893-B786-518FA762B1ED}"
EndProject
Project("{9A19103F-16F7-4668-BE54-9A1E7A4F7556}") = "Sharp.Disposable.Tests", "Sharp.Disposable.Tests\Sharp.Disposable.Tests.csproj", "{A295A268-D39C-48E8-8093-4280C5E6679C}"
EndProject
Global
	GlobalSection(SolutionConfigurationPlatforms) = preSolution
		Debug|Any CPU = Debug|Any CPU
		Release|Any CPU = Release|Any CPU
	EndGlobalSection
	GlobalSection(ProjectConfigurationPlatforms) = postSolution
		{53D21B25-CB58-4893-B786-518FA762B1ED}.Debug|Any CPU.ActiveCfg = Debug|Any CPU
		{53D21B25-CB58-4893-B786-518FA762B1ED}.Debug|Any CPU.Build.0 = Debug|Any CPU
		{53D21B25-CB58-4893-B786-518FA762B1ED}.Release|Any CPU.ActiveCfg = Release|Any CPU
		{53D21B25-CB58-4893-B786-518FA762B1ED}.Release|Any CPU.Build.0 = Release|Any CPU
		{A295A268-D39C-48E8-8093-4280C5E6679C}.Debug|Any CPU.ActiveCfg = Debug|Any CPU
		{A295A268-D39C-48E8-8093-4280C5E6679C}.Debug|Any CPU.Build.0 = Debug|Any CPU
		{A295A268-D39C-48E8-8093-4280C5E6679C}.Release|Any CPU.ActiveCfg = Release|Any CPU
		{A295A268-D39C-48E8-8093-4280C5E6679C}.Release|Any CPU.Build.0 = Release|Any CPU
	EndGlobalSection
	GlobalSection(SolutionProperties) = preSolution
		HideSolutionNode = FALSE
	EndGlobalSection
	GlobalSection(ExtensibilityGlobals) = postSolution
		SolutionGuid = {1E26B42D-E358-4A78-89E1-A9C0CD4C0870}
	EndGlobalSection
EndGlobal
